// !$*UTF8*$!
{
	archiveVersion = 1;
	classes = {
	};
	objectVersion = 48;
	objects = {

/* Begin PBXBuildFile section */
		C00C333D1FAC026800CE40D1 /* AppDelegate.swift in Sources */ = {isa = PBXBuildFile; fileRef = C00C333C1FAC026800CE40D1 /* AppDelegate.swift */; };
		C00C333F1FAC026800CE40D1 /* ViewController.swift in Sources */ = {isa = PBXBuildFile; fileRef = C00C333E1FAC026800CE40D1 /* ViewController.swift */; };
		C00C33421FAC026900CE40D1 /* Main.storyboard in Resources */ = {isa = PBXBuildFile; fileRef = C00C33401FAC026900CE40D1 /* Main.storyboard */; };
		C00C33441FAC026900CE40D1 /* Assets.xcassets in Resources */ = {isa = PBXBuildFile; fileRef = C00C33431FAC026900CE40D1 /* Assets.xcassets */; };
		C00C33471FAC026900CE40D1 /* LaunchScreen.storyboard in Resources */ = {isa = PBXBuildFile; fileRef = C00C33451FAC026900CE40D1 /* LaunchScreen.storyboard */; };
		C00C334F1FAC02DC00CE40D1 /* customTableViewCell.swift in Sources */ = {isa = PBXBuildFile; fileRef = C00C334E1FAC02DC00CE40D1 /* customTableViewCell.swift */; };
/* End PBXBuildFile section */

/* Begin PBXFileReference section */
		C00C33391FAC026800CE40D1 /* testSwipeCell.app */ = {isa = PBXFileReference; explicitFileType = wrapper.application; includeInIndex = 0; path = testSwipeCell.app; sourceTree = BUILT_PRODUCTS_DIR; };
		C00C333C1FAC026800CE40D1 /* AppDelegate.swift */ = {isa = PBXFileReference; lastKnownFileType = sourcecode.swift; path = AppDelegate.swift; sourceTree = "<group>"; };
		C00C333E1FAC026800CE40D1 /* ViewController.swift */ = {isa = PBXFileReference; lastKnownFileType = sourcecode.swift; path = ViewController.swift; sourceTree = "<group>"; };
		C00C33411FAC026900CE40D1 /* Base */ = {isa = PBXFileReference; lastKnownFileType = file.storyboard; name = Base; path = Base.lproj/Main.storyboard; sourceTree = "<group>"; };
		C00C33431FAC026900CE40D1 /* Assets.xcassets */ = {isa = PBXFileReference; lastKnownFileType = folder.assetcatalog; path = Assets.xcassets; sourceTree = "<group>"; };
		C00C33461FAC026900CE40D1 /* Base */ = {isa = PBXFileReference; lastKnownFileType = file.storyboard; name = Base; path = Base.lproj/LaunchScreen.storyboard; sourceTree = "<group>"; };
		C00C33481FAC026900CE40D1 /* Info.plist */ = {isa = PBXFileReference; lastKnownFileType = text.plist.xml; path = Info.plist; sourceTree = "<group>"; };
		C00C334E1FAC02DC00CE40D1 /* customTableViewCell.swift */ = {isa = PBXFileReference; lastKnownFileType = sourcecode.swift; path = customTableViewCell.swift; sourceTree = "<group>"; };
/* End PBXFileReference section */

/* Begin PBXFrameworksBuildPhase section */
		C00C33361FAC026800CE40D1 /* Frameworks */ = {
			isa = PBXFrameworksBuildPhase;
			buildActionMask = 2147483647;
			files = (
			);
			runOnlyForDeploymentPostprocessing = 0;
		};
/* End PBXFrameworksBuildPhase section */

/* Begin PBXGroup section */
		C00C33301FAC026800CE40D1 = {
			isa = PBXGroup;
			children = (
				C00C333B1FAC026800CE40D1 /* testSwipeCell */,
				C00C333A1FAC026800CE40D1 /* Products */,
			);
			sourceTree = "<group>";
		};
		C00C333A1FAC026800CE40D1 /* Products */ = {
			isa = PBXGroup;
			children = (
				C00C33391FAC026800CE40D1 /* testSwipeCell.app */,
			);
			name = Products;
			sourceTree = "<group>";
		};
		C00C333B1FAC026800CE40D1 /* testSwipeCell */ = {
			isa = PBXGroup;
			children = (
				C00C333C1FAC026800CE40D1 /* AppDelegate.swift */,
				C00C333E1FAC026800CE40D1 /* ViewController.swift */,
				C00C334E1FAC02DC00CE40D1 /* customTableViewCell.swift */,
				C00C33401FAC026900CE40D1 /* Main.storyboard */,
				C00C33431FAC026900CE40D1 /* Assets.xcassets */,
				C00C33451FAC026900CE40D1 /* LaunchScreen.storyboard */,
				C00C33481FAC026900CE40D1 /* Info.plist */,
			);
			path = testSwipeCell;
			sourceTree = "<group>";
		};
/* End PBXGroup section */

/* Begin PBXNativeTarget section */
		C00C33381FAC026800CE40D1 /* testSwipeCell */ = {
			isa = PBXNativeTarget;
			buildConfigurationList = C00C334B1FAC026900CE40D1 /* Build configuration list for PBXNativeTarget "testSwipeCell" */;
			buildPhases = (
				C00C33351FAC026800CE40D1 /* Sources */,
				C00C33361FAC026800CE40D1 /* Frameworks */,
				C00C33371FAC026800CE40D1 /* Resources */,
			);
			buildRules = (
			);
			dependencies = (
			);
			name = testSwipeCell;
			productName = testSwipeCell;
			productReference = C00C33391FAC026800CE40D1 /* testSwipeCell.app */;
			productType = "com.apple.product-type.application";
		};
/* End PBXNativeTarget section */

/* Begin PBXProject section */
		C00C33311FAC026800CE40D1 /* Project object */ = {
			isa = PBXProject;
			attributes = {
				LastSwiftUpdateCheck = 0910;
				LastUpgradeCheck = 0910;
				ORGANIZATIONNAME = "Jake Lin";
				TargetAttributes = {
					C00C33381FAC026800CE40D1 = {
						CreatedOnToolsVersion = 9.1;
						ProvisioningStyle = Automatic;
					};
				};
			};
			buildConfigurationList = C00C33341FAC026800CE40D1 /* Build configuration list for PBXProject "testSwipeCell" */;
			compatibilityVersion = "Xcode 8.0";
			developmentRegion = en;
			hasScannedForEncodings = 0;
			knownRegions = (
				en,
				Base,
			);
			mainGroup = C00C33301FAC026800CE40D1;
			productRefGroup = C00C333A1FAC026800CE40D1 /* Products */;
			projectDirPath = "";
			projectRoot = "";
			targets = (
				C00C33381FAC026800CE40D1 /* testSwipeCell */,
			);
		};
/* End PBXProject section */

/* Begin PBXResourcesBuildPhase section */
		C00C33371FAC026800CE40D1 /* Resources */ = {
			isa = PBXResourcesBuildPhase;
			buildActionMask = 2147483647;
			files = (
				C00C33471FAC026900CE40D1 /* LaunchScreen.storyboard in Resources */,
				C00C33441FAC026900CE40D1 /* Assets.xcassets in Resources */,
				C00C33421FAC026900CE40D1 /* Main.storyboard in Resources */,
			);
			runOnlyForDeploymentPostprocessing = 0;
		};
/* End PBXResourcesBuildPhase section */

/* Begin PBXSourcesBuildPhase section */
		C00C33351FAC026800CE40D1 /* Sources */ = {
			isa = PBXSourcesBuildPhase;
			buildActionMask = 2147483647;
			files = (
				C00C333F1FAC026800CE40D1 /* ViewController.swift in Sources */,
				C00C333D1FAC026800CE40D1 /* AppDelegate.swift in Sources */,
				C00C334F1FAC02DC00CE40D1 /* customTableViewCell.swift in Sources */,
			);
			runOnlyForDeploymentPostprocessing = 0;
		};
/* End PBXSourcesBuildPhase section */

/* Begin PBXVariantGroup section */
		C00C33401FAC026900CE40D1 /* Main.storyboard */ = {
			isa = PBXVariantGroup;
			children = (
				C00C33411FAC026900CE40D1 /* Base */,
			);
			name = Main.storyboard;
			sourceTree = "<group>";
		};
		C00C33451FAC026900CE40D1 /* LaunchScreen.storyboard */ = {
			isa = PBXVariantGroup;
			children = (
				C00C33461FAC026900CE40D1 /* Base */,
			);
			name = LaunchScreen.storyboard;
			sourceTree = "<group>";
		};
/* End PBXVariantGroup section */

/* Begin XCBuildConfiguration section */
		C00C33491FAC026900CE40D1 /* Debug */ = {
			isa = XCBuildConfiguration;
			buildSettings = {
				ALWAYS_SEARCH_USER_PATHS = NO;
				CLANG_ANALYZER_NONNULL = YES;
				CLANG_ANALYZER_NUMBER_OBJECT_CONVERSION = YES_AGGRESSIVE;
				CLANG_CXX_LANGUAGE_STANDARD = "gnu++14";
				CLANG_CXX_LIBRARY = "libc++";
				CLANG_ENABLE_MODULES = YES;
				CLANG_ENABLE_OBJC_ARC = YES;
				CLANG_WARN_BLOCK_CAPTURE_AUTORELEASING = YES;
				CLANG_WARN_BOOL_CONVERSION = YES;
				CLANG_WARN_COMMA = YES;
				CLANG_WARN_CONSTANT_CONVERSION = YES;
				CLANG_WARN_DIRECT_OBJC_ISA_USAGE = YES_ERROR;
				CLANG_WARN_DOCUMENTATION_COMMENTS = YES;
				CLANG_WARN_EMPTY_BODY = YES;
				CLANG_WARN_ENUM_CONVERSION = YES;
				CLANG_WARN_INFINITE_RECURSION = YES;
				CLANG_WARN_INT_CONVERSION = YES;
				CLANG_WARN_NON_LITERAL_NULL_CONVERSION = YES;
				CLANG_WARN_OBJC_LITERAL_CONVERSION = YES;
				CLANG_WARN_OBJC_ROOT_CLASS = YES_ERROR;
				CLANG_WARN_RANGE_LOOP_ANALYSIS = YES;
				CLANG_WARN_STRICT_PROTOTYPES = YES;
				CLANG_WARN_SUSPICIOUS_MOVE = YES;
				CLANG_WARN_UNGUARDED_AVAILABILITY = YES_AGGRESSIVE;
				CLANG_WARN_UNREACHABLE_CODE = YES;
				CLANG_WARN__DUPLICATE_METHOD_MATCH = YES;
				CODE_SIGN_IDENTITY = "iPhone Developer";
				COPY_PHASE_STRIP = NO;
				DEBUG_INFORMATION_FORMAT = dwarf;
				ENABLE_STRICT_OBJC_MSGSEND = YES;
				ENABLE_TESTABILITY = YES;
				GCC_C_LANGUAGE_STANDARD = gnu11;
				GCC_DYNAMIC_NO_PIC = NO;
				GCC_NO_COMMON_BLOCKS = YES;
				GCC_OPTIMIZATION_LEVEL = 0;
				GCC_PREPROCESSOR_DEFINITIONS = (
					"DEBUG=1",
					"$(inherited)",
				);
				GCC_WARN_64_TO_32_BIT_CONVERSION = YES;
				GCC_WARN_ABOUT_RETURN_TYPE = YES_ERROR;
				GCC_WARN_UNDECLARED_SELECTOR = YES;
				GCC_WARN_UNINITIALIZED_AUTOS = YES_AGGRESSIVE;
				GCC_WARN_UNUSED_FUNCTION = YES;
				GCC_WARN_UNUSED_VARIABLE = YES;
				IPHONEOS_DEPLOYMENT_TARGET = 11.1;
				MTL_ENABLE_DEBUG_INFO = YES;
				ONLY_ACTIVE_ARCH = YES;
				SDKROOT = iphoneos;
				SWIFT_ACTIVE_COMPILATION_CONDITIONS = DEBUG;
				SWIFT_OPTIMIZATION_LEVEL = "-Onone";
			};
			name = Debug;
		};
		C00C334A1FAC026900CE40D1 /* Release */ = {
			isa = XCBuildConfiguration;
			buildSettings = {
				ALWAYS_SEARCH_USER_PATHS = NO;
				CLANG_ANALYZER_NONNULL = YES;
				CLANG_ANALYZER_NUMBER_OBJECT_CONVERSION = YES_AGGRESSIVE;
				CLANG_CXX_LANGUAGE_STANDARD = "gnu++14";
				CLANG_CXX_LIBRARY = "libc++";
				CLANG_ENABLE_MODULES = YES;
				CLANG_ENABLE_OBJC_ARC = YES;
				CLANG_WARN_BLOCK_CAPTURE_AUTORELEASING = YES;
				CLANG_WARN_BOOL_CONVERSION = YES;
				CLANG_WARN_COMMA = YES;
				CLANG_WARN_CONSTANT_CONVERSION = YES;
				CLANG_WARN_DIRECT_OBJC_ISA_USAGE = YES_ERROR;
				CLANG_WARN_DOCUMENTATION_COMMENTS = YES;
				CLANG_WARN_EMPTY_BODY = YES;
				CLANG_WARN_ENUM_CONVERSION = YES;
				CLANG_WARN_INFINITE_RECURSION = YES;
				CLANG_WARN_INT_CONVERSION = YES;
				CLANG_WARN_NON_LITERAL_NULL_CONVERSION = YES;
				CLANG_WARN_OBJC_LITERAL_CONVERSION = YES;
				CLANG_WARN_OBJC_ROOT_CLASS = YES_ERROR;
				CLANG_WARN_RANGE_LOOP_ANALYSIS = YES;
				CLANG_WARN_STRICT_PROTOTYPES = YES;
				CLANG_WARN_SUSPICIOUS_MOVE = YES;
				CLANG_WARN_UNGUARDED_AVAILABILITY = YES_AGGRESSIVE;
				CLANG_WARN_UNREACHABLE_CODE = YES;
				CLANG_WARN__DUPLICATE_METHOD_MATCH = YES;
				CODE_SIGN_IDENTITY = "iPhone Developer";
				COPY_PHASE_STRIP = NO;
				DEBUG_INFORMATION_FORMAT = "dwarf-with-dsym";
				ENABLE_NS_ASSERTIONS = NO;
				ENABLE_STRICT_OBJC_MSGSEND = YES;
				GCC_C_LANGUAGE_STANDARD = gnu11;
				GCC_NO_COMMON_BLOCKS = YES;
				GCC_WARN_64_TO_32_BIT_CONVERSION = YES;
				GCC_WARN_ABOUT_RETURN_TYPE = YES_ERROR;
				GCC_WARN_UNDECLARED_SELECTOR = YES;
				GCC_WARN_UNINITIALIZED_AUTOS = YES_AGGRESSIVE;
				GCC_WARN_UNUSED_FUNCTION = YES;
				GCC_WARN_UNUSED_VARIABLE = YES;
				IPHONEOS_DEPLOYMENT_TARGET = 11.1;
				MTL_ENABLE_DEBUG_INFO = NO;
				SDKROOT = iphoneos;
				SWIFT_OPTIMIZATION_LEVEL = "-Owholemodule";
				VALIDATE_PRODUCT = YES;
			};
			name = Release;
		};
		C00C334C1FAC026900CE40D1 /* Debug */ = {
			isa = XCBuildConfiguration;
			buildSettings = {
				ASSETCATALOG_COMPILER_APPICON_NAME = AppIcon;
				CODE_SIGN_STYLE = Automatic;
				DEVELOPMENT_TEAM = AY957U87NM;
				INFOPLIST_FILE = testSwipeCell/Info.plist;
				IPHONEOS_DEPLOYMENT_TARGET = 11.0;
				LD_RUNPATH_SEARCH_PATHS = "$(inherited) @executable_path/Frameworks";
				PRODUCT_BUNDLE_IDENTIFIER = jakelin.com.tw.testSwipeCell;
				PRODUCT_NAME = "$(TARGET_NAME)";
				SWIFT_VERSION = 4.0;
				TARGETED_DEVICE_FAMILY = "1,2";
			};
			name = Debug;
		};
		C00C334D1FAC026900CE40D1 /* Release */ = {
			isa = XCBuildConfiguration;
			buildSettings = {
				ASSETCATALOG_COMPILER_APPICON_NAME = AppIcon;
				CODE_SIGN_STYLE = Automatic;
				DEVELOPMENT_TEAM = AY957U87NM;
				INFOPLIST_FILE = testSwipeCell/Info.plist;
				IPHONEOS_DEPLOYMENT_TARGET = 11.0;
				LD_RUNPATH_SEARCH_PATHS = "$(inherited) @executable_path/Frameworks";
				PRODUCT_BUNDLE_IDENTIFIER = jakelin.com.tw.testSwipeCell;
				PRODUCT_NAME = "$(TARGET_NAME)";
				SWIFT_VERSION = 4.0;
				TARGETED_DEVICE_FAMILY = "1,2";
			};
			name = Release;
		};
/* End XCBuildConfiguration section */

/* Begin XCConfigurationList section */
		C00C33341FAC026800CE40D1 /* Build configuration list for PBXProject "testSwipeCell" */ = {
			isa = XCConfigurationList;
			buildConfigurations = (
				C00C33491FAC026900CE40D1 /* Debug */,
				C00C334A1FAC026900CE40D1 /* Release */,
			);
			defaultConfigurationIsVisible = 0;
			defaultConfigurationName = Release;
		};
		C00C334B1FAC026900CE40D1 /* Build configuration list for PBXNativeTarget "testSwipeCell" */ = {
			isa = XCConfigurationList;
			buildConfigurations = (
				C00C334C1FAC026900CE40D1 /* Debug */,
				C00C334D1FAC026900CE40D1 /* Release */,
			);
			defaultConfigurationIsVisible = 0;
			defaultConfigurationName = Release;
		};
/* End XCConfigurationList section */
	};
	rootObject = C00C33311FAC026800CE40D1 /* Project object */;
}
